
Microsoft Visual Studio Solution File, Format Version 12.00
# Visual Studio Version 16
VisualStudioVersion = 16.0.31613.86
MinimumVisualStudioVersion = 10.0.40219.1
Project("{FAE04EC0-301F-11D3-BF4B-00C04F79EFBC}") = "CSharpFundamentals", "CSharpFundamentals.csproj", "{6CE0954A-8096-41E1-BF7A-B869D938F083}"
EndProject
Project("{FAE04EC0-301F-11D3-BF4B-00C04F79EFBC}") = "CSharpFundamentals_2", "CSharpFundamentals_2\CSharpFundamentals_2.csproj", "{80DE4B97-8792-4AE5-969B-4B6BB9546C6C}"
EndProject
Global
	GlobalSection(SolutionConfigurationPlatforms) = preSolution
		Debug|Any CPU = Debug|Any CPU
		Release|Any CPU = Release|Any CPU
	EndGlobalSection
	GlobalSection(ProjectConfigurationPlatforms) = postSolution
		{6CE0954A-8096-41E1-BF7A-B869D938F083}.Debug|Any CPU.ActiveCfg = Debug|Any CPU
		{6CE0954A-8096-41E1-BF7A-B869D938F083}.Debug|Any CPU.Build.0 = Debug|Any CPU
		{6CE0954A-8096-41E1-BF7A-B869D938F083}.Release|Any CPU.ActiveCfg = Release|Any CPU
		{6CE0954A-8096-41E1-BF7A-B869D938F083}.Release|Any CPU.Build.0 = Release|Any CPU
		{80DE4B97-8792-4AE5-969B-4B6BB9546C6C}.Debug|Any CPU.ActiveCfg = Debug|Any CPU
		{80DE4B97-8792-4AE5-969B-4B6BB9546C6C}.Debug|Any CPU.Build.0 = Debug|Any CPU
		{80DE4B97-8792-4AE5-969B-4B6BB9546C6C}.Release|Any CPU.ActiveCfg = Release|Any CPU
		{80DE4B97-8792-4AE5-969B-4B6BB9546C6C}.Release|Any CPU.Build.0 = Release|Any CPU
	EndGlobalSection
	GlobalSection(SolutionProperties) = preSolution
		HideSolutionNode = FALSE
	EndGlobalSection
	GlobalSection(ExtensibilityGlobals) = postSolution
		SolutionGuid = {F557ADCD-C6B9-4890-BA53-4A59D03FA0C3}
	EndGlobalSection
EndGlobal
